
Microsoft Visual Studio Solution File, Format Version 12.00
# Visual Studio Version 16
VisualStudioVersion = 16.0.30503.244
MinimumVisualStudioVersion = 10.0.40219.1
Project("{FAE04EC0-301F-11D3-BF4B-00C04F79EFBC}") = "ExercicioDeFixacao", "ExercicioDeFixacao\ExercicioDeFixacao.csproj", "{1E28D718-BAD6-4AC5-BBD6-EC8D2CF550E1}"
EndProject
Global
	GlobalSection(SolutionConfigurationPlatforms) = preSolution
		Debug|Any CPU = Debug|Any CPU
		Release|Any CPU = Release|Any CPU
	EndGlobalSection
	GlobalSection(ProjectConfigurationPlatforms) = postSolution
		{1E28D718-BAD6-4AC5-BBD6-EC8D2CF550E1}.Debug|Any CPU.ActiveCfg = Debug|Any CPU
		{1E28D718-BAD6-4AC5-BBD6-EC8D2CF550E1}.Debug|Any CPU.Build.0 = Debug|Any CPU
		{1E28D718-BAD6-4AC5-BBD6-EC8D2CF550E1}.Release|Any CPU.ActiveCfg = Release|Any CPU
		{1E28D718-BAD6-4AC5-BBD6-EC8D2CF550E1}.Release|Any CPU.Build.0 = Release|Any CPU
	EndGlobalSection
	GlobalSection(SolutionProperties) = preSolution
		HideSolutionNode = FALSE
	EndGlobalSection
	GlobalSection(ExtensibilityGlobals) = postSolution
		SolutionGuid = {5039DE34-E759-4263-8640-2624534D8F61}
	EndGlobalSection
EndGlobal
